
Microsoft Visual Studio Solution File, Format Version 12.00
# Visual Studio Version 17
VisualStudioVersion = 17.0.31919.166
MinimumVisualStudioVersion = 10.0.40219.1
Project("{FAE04EC0-301F-11D3-BF4B-00C04F79EFBC}") = "Sistema_de_Asistencias", "Sistema_de_Asistencias\Sistema_de_Asistencias.csproj", "{AC081E9F-B014-4AC2-B563-D503DDEDD44C}"
EndProject
Global
	GlobalSection(SolutionConfigurationPlatforms) = preSolution
		Debug|Any CPU = Debug|Any CPU
		Release|Any CPU = Release|Any CPU
	EndGlobalSection
	GlobalSection(ProjectConfigurationPlatforms) = postSolution
		{AC081E9F-B014-4AC2-B563-D503DDEDD44C}.Debug|Any CPU.ActiveCfg = Debug|Any CPU
		{AC081E9F-B014-4AC2-B563-D503DDEDD44C}.Debug|Any CPU.Build.0 = Debug|Any CPU
		{AC081E9F-B014-4AC2-B563-D503DDEDD44C}.Release|Any CPU.ActiveCfg = Release|Any CPU
		{AC081E9F-B014-4AC2-B563-D503DDEDD44C}.Release|Any CPU.Build.0 = Release|Any CPU
	EndGlobalSection
	GlobalSection(SolutionProperties) = preSolution
		HideSolutionNode = FALSE
	EndGlobalSection
	GlobalSection(ExtensibilityGlobals) = postSolution
		SolutionGuid = {A57A6C1F-E7B1-499A-AC52-C3D19522EA6F}
	EndGlobalSection
EndGlobal
